
Microsoft Visual Studio Solution File, Format Version 12.00
# Visual Studio Version 17
VisualStudioVersion = 17.0.32014.148
MinimumVisualStudioVersion = 10.0.40219.1
Project("{FAE04EC0-301F-11D3-BF4B-00C04F79EFBC}") = "KB.Uppdrag1_Det hemliga talet", "KB.Uppdrag1_Det hemliga talet\KB.Uppdrag1_Det hemliga talet.csproj", "{2E6DA650-4D50-409D-990E-B356A7D24389}"
EndProject
Global
	GlobalSection(SolutionConfigurationPlatforms) = preSolution
		Debug|Any CPU = Debug|Any CPU
		Release|Any CPU = Release|Any CPU
	EndGlobalSection
	GlobalSection(ProjectConfigurationPlatforms) = postSolution
		{2E6DA650-4D50-409D-990E-B356A7D24389}.Debug|Any CPU.ActiveCfg = Debug|Any CPU
		{2E6DA650-4D50-409D-990E-B356A7D24389}.Debug|Any CPU.Build.0 = Debug|Any CPU
		{2E6DA650-4D50-409D-990E-B356A7D24389}.Release|Any CPU.ActiveCfg = Release|Any CPU
		{2E6DA650-4D50-409D-990E-B356A7D24389}.Release|Any CPU.Build.0 = Release|Any CPU
	EndGlobalSection
	GlobalSection(SolutionProperties) = preSolution
		HideSolutionNode = FALSE
	EndGlobalSection
	GlobalSection(ExtensibilityGlobals) = postSolution
		SolutionGuid = {BBC884AF-3A82-4BF6-984B-6A1EBD8F5994}
	EndGlobalSection
EndGlobal
