
Microsoft Visual Studio Solution File, Format Version 12.00
# Visual Studio Version 17
VisualStudioVersion = 17.0.32014.148
MinimumVisualStudioVersion = 10.0.40219.1
Project("{FAE04EC0-301F-11D3-BF4B-00C04F79EFBC}") = "KB.Uppdrag1_Det hemliga talet del1", "KB.Uppdrag1_Det hemliga talet del1\KB.Uppdrag1_Det hemliga talet del1.csproj", "{AA5EC48A-FDD0-4C32-85D0-C9BF0AEDE7A6}"
EndProject
Global
	GlobalSection(SolutionConfigurationPlatforms) = preSolution
		Debug|Any CPU = Debug|Any CPU
		Release|Any CPU = Release|Any CPU
	EndGlobalSection
	GlobalSection(ProjectConfigurationPlatforms) = postSolution
		{AA5EC48A-FDD0-4C32-85D0-C9BF0AEDE7A6}.Debug|Any CPU.ActiveCfg = Debug|Any CPU
		{AA5EC48A-FDD0-4C32-85D0-C9BF0AEDE7A6}.Debug|Any CPU.Build.0 = Debug|Any CPU
		{AA5EC48A-FDD0-4C32-85D0-C9BF0AEDE7A6}.Release|Any CPU.ActiveCfg = Release|Any CPU
		{AA5EC48A-FDD0-4C32-85D0-C9BF0AEDE7A6}.Release|Any CPU.Build.0 = Release|Any CPU
	EndGlobalSection
	GlobalSection(SolutionProperties) = preSolution
		HideSolutionNode = FALSE
	EndGlobalSection
	GlobalSection(ExtensibilityGlobals) = postSolution
		SolutionGuid = {32416895-4F29-4C30-A1C7-F955706E66D3}
	EndGlobalSection
EndGlobal
