
Microsoft Visual Studio Solution File, Format Version 12.00
# Visual Studio Version 17
VisualStudioVersion = 17.1.32319.34
MinimumVisualStudioVersion = 10.0.40219.1
Project("{FAE04EC0-301F-11D3-BF4B-00C04F79EFBC}") = "KB.uppdrag3_LottaBollar", "KB.uppdrag3_LottaBollar\KB.uppdrag3_LottaBollar.csproj", "{689B9EE1-5366-41DD-B148-3CB97FE69FEC}"
EndProject
Global
	GlobalSection(SolutionConfigurationPlatforms) = preSolution
		Debug|Any CPU = Debug|Any CPU
		Release|Any CPU = Release|Any CPU
	EndGlobalSection
	GlobalSection(ProjectConfigurationPlatforms) = postSolution
		{689B9EE1-5366-41DD-B148-3CB97FE69FEC}.Debug|Any CPU.ActiveCfg = Debug|Any CPU
		{689B9EE1-5366-41DD-B148-3CB97FE69FEC}.Debug|Any CPU.Build.0 = Debug|Any CPU
		{689B9EE1-5366-41DD-B148-3CB97FE69FEC}.Release|Any CPU.ActiveCfg = Release|Any CPU
		{689B9EE1-5366-41DD-B148-3CB97FE69FEC}.Release|Any CPU.Build.0 = Release|Any CPU
	EndGlobalSection
	GlobalSection(SolutionProperties) = preSolution
		HideSolutionNode = FALSE
	EndGlobalSection
	GlobalSection(ExtensibilityGlobals) = postSolution
		SolutionGuid = {E8C88357-E8FF-449D-B028-4E4277AE413C}
	EndGlobalSection
EndGlobal
